
Microsoft Visual Studio Solution File, Format Version 12.00
# Visual Studio Version 17
VisualStudioVersion = 17.1.32407.343
MinimumVisualStudioVersion = 10.0.40219.1
Project("{FAE04EC0-301F-11D3-BF4B-00C04F79EFBC}") = "Merge Sorted Lists - 23", "Merge Sorted Lists - 23\Merge Sorted Lists - 23.csproj", "{4ED5965B-91F0-4594-8790-B27CA32BE89C}"
EndProject
Global
	GlobalSection(SolutionConfigurationPlatforms) = preSolution
		Debug|Any CPU = Debug|Any CPU
		Release|Any CPU = Release|Any CPU
	EndGlobalSection
	GlobalSection(ProjectConfigurationPlatforms) = postSolution
		{4ED5965B-91F0-4594-8790-B27CA32BE89C}.Debug|Any CPU.ActiveCfg = Debug|Any CPU
		{4ED5965B-91F0-4594-8790-B27CA32BE89C}.Debug|Any CPU.Build.0 = Debug|Any CPU
		{4ED5965B-91F0-4594-8790-B27CA32BE89C}.Release|Any CPU.ActiveCfg = Release|Any CPU
		{4ED5965B-91F0-4594-8790-B27CA32BE89C}.Release|Any CPU.Build.0 = Release|Any CPU
	EndGlobalSection
	GlobalSection(SolutionProperties) = preSolution
		HideSolutionNode = FALSE
	EndGlobalSection
	GlobalSection(ExtensibilityGlobals) = postSolution
		SolutionGuid = {F4F65DF1-98A9-4957-A044-1C6903181EF9}
	EndGlobalSection
EndGlobal
